
Microsoft Visual Studio Solution File, Format Version 12.00
# Visual Studio 15
VisualStudioVersion = 15.0.27428.2015
MinimumVisualStudioVersion = 10.0.40219.1
Project("{FAE04EC0-301F-11D3-BF4B-00C04F79EFBC}") = "EducationalPlatform", "EducationalPlatform\EducationalPlatform.csproj", "{5845875C-835A-43B1-8619-4BC6C530AC32}"
EndProject
Project("{FAE04EC0-301F-11D3-BF4B-00C04F79EFBC}") = "EducationalPlatformUnitTest", "EducationalPlatformUnitTest\EducationalPlatformUnitTest.csproj", "{178ED641-513C-42C9-9399-2482E0FAF1B1}"
EndProject
Global
	GlobalSection(SolutionConfigurationPlatforms) = preSolution
		Debug|Any CPU = Debug|Any CPU
		Release|Any CPU = Release|Any CPU
	EndGlobalSection
	GlobalSection(ProjectConfigurationPlatforms) = postSolution
		{5845875C-835A-43B1-8619-4BC6C530AC32}.Debug|Any CPU.ActiveCfg = Debug|Any CPU
		{5845875C-835A-43B1-8619-4BC6C530AC32}.Debug|Any CPU.Build.0 = Debug|Any CPU
		{5845875C-835A-43B1-8619-4BC6C530AC32}.Release|Any CPU.ActiveCfg = Release|Any CPU
		{5845875C-835A-43B1-8619-4BC6C530AC32}.Release|Any CPU.Build.0 = Release|Any CPU
		{178ED641-513C-42C9-9399-2482E0FAF1B1}.Debug|Any CPU.ActiveCfg = Debug|Any CPU
		{178ED641-513C-42C9-9399-2482E0FAF1B1}.Debug|Any CPU.Build.0 = Debug|Any CPU
		{178ED641-513C-42C9-9399-2482E0FAF1B1}.Release|Any CPU.ActiveCfg = Release|Any CPU
		{178ED641-513C-42C9-9399-2482E0FAF1B1}.Release|Any CPU.Build.0 = Release|Any CPU
	EndGlobalSection
	GlobalSection(SolutionProperties) = preSolution
		HideSolutionNode = FALSE
	EndGlobalSection
	GlobalSection(ExtensibilityGlobals) = postSolution
		SolutionGuid = {31F98FF5-A308-479E-A0FA-8C3D537EFB5B}
	EndGlobalSection
EndGlobal
